
Microsoft Visual Studio Solution File, Format Version 12.00
# Visual Studio Version 16
VisualStudioVersion = 16.0.29001.49
MinimumVisualStudioVersion = 10.0.40219.1
Project("{FAE04EC0-301F-11D3-BF4B-00C04F79EFBC}") = "DKPInserter", "DKPInserter\DKPInserter.csproj", "{1FBC37D5-61DB-4790-AAEB-A35FB271353C}"
EndProject
Global
	GlobalSection(SolutionConfigurationPlatforms) = preSolution
		Debug|Any CPU = Debug|Any CPU
		Release|Any CPU = Release|Any CPU
	EndGlobalSection
	GlobalSection(ProjectConfigurationPlatforms) = postSolution
		{1FBC37D5-61DB-4790-AAEB-A35FB271353C}.Debug|Any CPU.ActiveCfg = Debug|Any CPU
		{1FBC37D5-61DB-4790-AAEB-A35FB271353C}.Debug|Any CPU.Build.0 = Debug|Any CPU
		{1FBC37D5-61DB-4790-AAEB-A35FB271353C}.Release|Any CPU.ActiveCfg = Release|Any CPU
		{1FBC37D5-61DB-4790-AAEB-A35FB271353C}.Release|Any CPU.Build.0 = Release|Any CPU
	EndGlobalSection
	GlobalSection(SolutionProperties) = preSolution
		HideSolutionNode = FALSE
	EndGlobalSection
	GlobalSection(ExtensibilityGlobals) = postSolution
		SolutionGuid = {4528F649-EE9D-4484-9FE4-DFC1FF36CD8B}
	EndGlobalSection
EndGlobal
